
Microsoft Visual Studio Solution File, Format Version 12.00
# Visual Studio 2012
Project("{FAE04EC0-301F-11D3-BF4B-00C04F79EFBC}") = "UPC.HRNPCI.DesktopApplication", "UPC.HRNPCI.DesktopApplication\UPC.HRNPCI.DesktopApplication.csproj", "{4B4C27DA-3BDB-4684-8DD9-9C1D9CCC9B8A}"
EndProject
Project("{FAE04EC0-301F-11D3-BF4B-00C04F79EFBC}") = "UPC.HRNPCI.ViewModel", "UPC.HRNPCI.ViewModel\UPC.HRNPCI.ViewModel.csproj", "{0B494F5C-DEDE-4951-A4F6-A87F6F6637B7}"
EndProject
Project("{FAE04EC0-301F-11D3-BF4B-00C04F79EFBC}") = "UPC.HRNPCI.Model", "UPC.HRNPCI.Model\UPC.HRNPCI.Model.csproj", "{17858C11-F361-424F-90AA-F8F15501F188}"
EndProject
Project("{6141683F-8A12-4E36-9623-2EB02B2C2303}") = "Setup1", "Setup1\Setup1.isproj", "{74798C5F-4EFB-41CA-B3F6-2EA3CB8BAC2D}"
	ProjectSection(ProjectDependencies) = postProject
		{17858C11-F361-424F-90AA-F8F15501F188} = {17858C11-F361-424F-90AA-F8F15501F188}
		{4B4C27DA-3BDB-4684-8DD9-9C1D9CCC9B8A} = {4B4C27DA-3BDB-4684-8DD9-9C1D9CCC9B8A}
	EndProjectSection
EndProject
Global
	GlobalSection(SolutionConfigurationPlatforms) = preSolution
		CD_ROM|Any CPU = CD_ROM|Any CPU
		CD_ROM|Mixed Platforms = CD_ROM|Mixed Platforms
		CD_ROM|x86 = CD_ROM|x86
		Debug|Any CPU = Debug|Any CPU
		Debug|Mixed Platforms = Debug|Mixed Platforms
		Debug|x86 = Debug|x86
		DVD-5|Any CPU = DVD-5|Any CPU
		DVD-5|Mixed Platforms = DVD-5|Mixed Platforms
		DVD-5|x86 = DVD-5|x86
		Release|Any CPU = Release|Any CPU
		Release|Mixed Platforms = Release|Mixed Platforms
		Release|x86 = Release|x86
		SingleImage|Any CPU = SingleImage|Any CPU
		SingleImage|Mixed Platforms = SingleImage|Mixed Platforms
		SingleImage|x86 = SingleImage|x86
	EndGlobalSection
	GlobalSection(ProjectConfigurationPlatforms) = postSolution
		{4B4C27DA-3BDB-4684-8DD9-9C1D9CCC9B8A}.CD_ROM|Any CPU.ActiveCfg = Release|x86
		{4B4C27DA-3BDB-4684-8DD9-9C1D9CCC9B8A}.CD_ROM|Mixed Platforms.ActiveCfg = Release|x86
		{4B4C27DA-3BDB-4684-8DD9-9C1D9CCC9B8A}.CD_ROM|Mixed Platforms.Build.0 = Release|x86
		{4B4C27DA-3BDB-4684-8DD9-9C1D9CCC9B8A}.CD_ROM|x86.ActiveCfg = Release|x86
		{4B4C27DA-3BDB-4684-8DD9-9C1D9CCC9B8A}.CD_ROM|x86.Build.0 = Release|x86
		{4B4C27DA-3BDB-4684-8DD9-9C1D9CCC9B8A}.Debug|Any CPU.ActiveCfg = Debug|x86
		{4B4C27DA-3BDB-4684-8DD9-9C1D9CCC9B8A}.Debug|Mixed Platforms.ActiveCfg = Debug|x86
		{4B4C27DA-3BDB-4684-8DD9-9C1D9CCC9B8A}.Debug|Mixed Platforms.Build.0 = Debug|x86
		{4B4C27DA-3BDB-4684-8DD9-9C1D9CCC9B8A}.Debug|x86.ActiveCfg = Debug|x86
		{4B4C27DA-3BDB-4684-8DD9-9C1D9CCC9B8A}.Debug|x86.Build.0 = Debug|x86
		{4B4C27DA-3BDB-4684-8DD9-9C1D9CCC9B8A}.DVD-5|Any CPU.ActiveCfg = Debug|x86
		{4B4C27DA-3BDB-4684-8DD9-9C1D9CCC9B8A}.DVD-5|Mixed Platforms.ActiveCfg = Debug|x86
		{4B4C27DA-3BDB-4684-8DD9-9C1D9CCC9B8A}.DVD-5|Mixed Platforms.Build.0 = Debug|x86
		{4B4C27DA-3BDB-4684-8DD9-9C1D9CCC9B8A}.DVD-5|x86.ActiveCfg = Debug|x86
		{4B4C27DA-3BDB-4684-8DD9-9C1D9CCC9B8A}.DVD-5|x86.Build.0 = Debug|x86
		{4B4C27DA-3BDB-4684-8DD9-9C1D9CCC9B8A}.Release|Any CPU.ActiveCfg = Release|x86
		{4B4C27DA-3BDB-4684-8DD9-9C1D9CCC9B8A}.Release|Mixed Platforms.ActiveCfg = Release|x86
		{4B4C27DA-3BDB-4684-8DD9-9C1D9CCC9B8A}.Release|Mixed Platforms.Build.0 = Release|x86
		{4B4C27DA-3BDB-4684-8DD9-9C1D9CCC9B8A}.Release|x86.ActiveCfg = Release|x86
		{4B4C27DA-3BDB-4684-8DD9-9C1D9CCC9B8A}.Release|x86.Build.0 = Release|x86
		{4B4C27DA-3BDB-4684-8DD9-9C1D9CCC9B8A}.SingleImage|Any CPU.ActiveCfg = Release|x86
		{4B4C27DA-3BDB-4684-8DD9-9C1D9CCC9B8A}.SingleImage|Mixed Platforms.ActiveCfg = Release|x86
		{4B4C27DA-3BDB-4684-8DD9-9C1D9CCC9B8A}.SingleImage|Mixed Platforms.Build.0 = Release|x86
		{4B4C27DA-3BDB-4684-8DD9-9C1D9CCC9B8A}.SingleImage|x86.ActiveCfg = Release|x86
		{4B4C27DA-3BDB-4684-8DD9-9C1D9CCC9B8A}.SingleImage|x86.Build.0 = Release|x86
		{0B494F5C-DEDE-4951-A4F6-A87F6F6637B7}.CD_ROM|Any CPU.ActiveCfg = Release|Any CPU
		{0B494F5C-DEDE-4951-A4F6-A87F6F6637B7}.CD_ROM|Any CPU.Build.0 = Release|Any CPU
		{0B494F5C-DEDE-4951-A4F6-A87F6F6637B7}.CD_ROM|Mixed Platforms.ActiveCfg = Release|Any CPU
		{0B494F5C-DEDE-4951-A4F6-A87F6F6637B7}.CD_ROM|Mixed Platforms.Build.0 = Release|Any CPU
		{0B494F5C-DEDE-4951-A4F6-A87F6F6637B7}.CD_ROM|x86.ActiveCfg = Release|Any CPU
		{0B494F5C-DEDE-4951-A4F6-A87F6F6637B7}.Debug|Any CPU.ActiveCfg = Debug|Any CPU
		{0B494F5C-DEDE-4951-A4F6-A87F6F6637B7}.Debug|Any CPU.Build.0 = Debug|Any CPU
		{0B494F5C-DEDE-4951-A4F6-A87F6F6637B7}.Debug|Mixed Platforms.ActiveCfg = Debug|Any CPU
		{0B494F5C-DEDE-4951-A4F6-A87F6F6637B7}.Debug|Mixed Platforms.Build.0 = Debug|Any CPU
		{0B494F5C-DEDE-4951-A4F6-A87F6F6637B7}.Debug|x86.ActiveCfg = Debug|Any CPU
		{0B494F5C-DEDE-4951-A4F6-A87F6F6637B7}.DVD-5|Any CPU.ActiveCfg = Debug|Any CPU
		{0B494F5C-DEDE-4951-A4F6-A87F6F6637B7}.DVD-5|Any CPU.Build.0 = Debug|Any CPU
		{0B494F5C-DEDE-4951-A4F6-A87F6F6637B7}.DVD-5|Mixed Platforms.ActiveCfg = Debug|Any CPU
		{0B494F5C-DEDE-4951-A4F6-A87F6F6637B7}.DVD-5|Mixed Platforms.Build.0 = Debug|Any CPU
		{0B494F5C-DEDE-4951-A4F6-A87F6F6637B7}.DVD-5|x86.ActiveCfg = Debug|Any CPU
		{0B494F5C-DEDE-4951-A4F6-A87F6F6637B7}.Release|Any CPU.ActiveCfg = Release|Any CPU
		{0B494F5C-DEDE-4951-A4F6-A87F6F6637B7}.Release|Any CPU.Build.0 = Release|Any CPU
		{0B494F5C-DEDE-4951-A4F6-A87F6F6637B7}.Release|Mixed Platforms.ActiveCfg = Release|Any CPU
		{0B494F5C-DEDE-4951-A4F6-A87F6F6637B7}.Release|Mixed Platforms.Build.0 = Release|Any CPU
		{0B494F5C-DEDE-4951-A4F6-A87F6F6637B7}.Release|x86.ActiveCfg = Release|Any CPU
		{0B494F5C-DEDE-4951-A4F6-A87F6F6637B7}.SingleImage|Any CPU.ActiveCfg = Release|Any CPU
		{0B494F5C-DEDE-4951-A4F6-A87F6F6637B7}.SingleImage|Any CPU.Build.0 = Release|Any CPU
		{0B494F5C-DEDE-4951-A4F6-A87F6F6637B7}.SingleImage|Mixed Platforms.ActiveCfg = Release|Any CPU
		{0B494F5C-DEDE-4951-A4F6-A87F6F6637B7}.SingleImage|Mixed Platforms.Build.0 = Release|Any CPU
		{0B494F5C-DEDE-4951-A4F6-A87F6F6637B7}.SingleImage|x86.ActiveCfg = Release|Any CPU
		{17858C11-F361-424F-90AA-F8F15501F188}.CD_ROM|Any CPU.ActiveCfg = Release|Any CPU
		{17858C11-F361-424F-90AA-F8F15501F188}.CD_ROM|Any CPU.Build.0 = Release|Any CPU
		{17858C11-F361-424F-90AA-F8F15501F188}.CD_ROM|Mixed Platforms.ActiveCfg = Release|Any CPU
		{17858C11-F361-424F-90AA-F8F15501F188}.CD_ROM|Mixed Platforms.Build.0 = Release|Any CPU
		{17858C11-F361-424F-90AA-F8F15501F188}.CD_ROM|x86.ActiveCfg = Release|Any CPU
		{17858C11-F361-424F-90AA-F8F15501F188}.Debug|Any CPU.ActiveCfg = Debug|Any CPU
		{17858C11-F361-424F-90AA-F8F15501F188}.Debug|Any CPU.Build.0 = Debug|Any CPU
		{17858C11-F361-424F-90AA-F8F15501F188}.Debug|Mixed Platforms.ActiveCfg = Debug|Any CPU
		{17858C11-F361-424F-90AA-F8F15501F188}.Debug|Mixed Platforms.Build.0 = Debug|Any CPU
		{17858C11-F361-424F-90AA-F8F15501F188}.Debug|x86.ActiveCfg = Debug|Any CPU
		{17858C11-F361-424F-90AA-F8F15501F188}.DVD-5|Any CPU.ActiveCfg = Debug|Any CPU
		{17858C11-F361-424F-90AA-F8F15501F188}.DVD-5|Any CPU.Build.0 = Debug|Any CPU
		{17858C11-F361-424F-90AA-F8F15501F188}.DVD-5|Mixed Platforms.ActiveCfg = Debug|Any CPU
		{17858C11-F361-424F-90AA-F8F15501F188}.DVD-5|Mixed Platforms.Build.0 = Debug|Any CPU
		{17858C11-F361-424F-90AA-F8F15501F188}.DVD-5|x86.ActiveCfg = Debug|Any CPU
		{17858C11-F361-424F-90AA-F8F15501F188}.Release|Any CPU.ActiveCfg = Release|Any CPU
		{17858C11-F361-424F-90AA-F8F15501F188}.Release|Any CPU.Build.0 = Release|Any CPU
		{17858C11-F361-424F-90AA-F8F15501F188}.Release|Mixed Platforms.ActiveCfg = Release|Any CPU
		{17858C11-F361-424F-90AA-F8F15501F188}.Release|Mixed Platforms.Build.0 = Release|Any CPU
		{17858C11-F361-424F-90AA-F8F15501F188}.Release|x86.ActiveCfg = Release|Any CPU
		{17858C11-F361-424F-90AA-F8F15501F188}.SingleImage|Any CPU.ActiveCfg = Release|Any CPU
		{17858C11-F361-424F-90AA-F8F15501F188}.SingleImage|Any CPU.Build.0 = Release|Any CPU
		{17858C11-F361-424F-90AA-F8F15501F188}.SingleImage|Mixed Platforms.ActiveCfg = Release|Any CPU
		{17858C11-F361-424F-90AA-F8F15501F188}.SingleImage|Mixed Platforms.Build.0 = Release|Any CPU
		{17858C11-F361-424F-90AA-F8F15501F188}.SingleImage|x86.ActiveCfg = Release|Any CPU
		{74798C5F-4EFB-41CA-B3F6-2EA3CB8BAC2D}.CD_ROM|Any CPU.ActiveCfg = CD_ROM
		{74798C5F-4EFB-41CA-B3F6-2EA3CB8BAC2D}.CD_ROM|Any CPU.Build.0 = CD_ROM
		{74798C5F-4EFB-41CA-B3F6-2EA3CB8BAC2D}.CD_ROM|Mixed Platforms.ActiveCfg = CD_ROM
		{74798C5F-4EFB-41CA-B3F6-2EA3CB8BAC2D}.CD_ROM|Mixed Platforms.Build.0 = CD_ROM
		{74798C5F-4EFB-41CA-B3F6-2EA3CB8BAC2D}.CD_ROM|x86.ActiveCfg = CD_ROM
		{74798C5F-4EFB-41CA-B3F6-2EA3CB8BAC2D}.CD_ROM|x86.Build.0 = CD_ROM
		{74798C5F-4EFB-41CA-B3F6-2EA3CB8BAC2D}.Debug|Any CPU.ActiveCfg = DVD-5
		{74798C5F-4EFB-41CA-B3F6-2EA3CB8BAC2D}.Debug|Any CPU.Build.0 = DVD-5
		{74798C5F-4EFB-41CA-B3F6-2EA3CB8BAC2D}.Debug|Mixed Platforms.ActiveCfg = DVD-5
		{74798C5F-4EFB-41CA-B3F6-2EA3CB8BAC2D}.Debug|Mixed Platforms.Build.0 = DVD-5
		{74798C5F-4EFB-41CA-B3F6-2EA3CB8BAC2D}.Debug|x86.ActiveCfg = DVD-5
		{74798C5F-4EFB-41CA-B3F6-2EA3CB8BAC2D}.Debug|x86.Build.0 = DVD-5
		{74798C5F-4EFB-41CA-B3F6-2EA3CB8BAC2D}.DVD-5|Any CPU.ActiveCfg = DVD-5
		{74798C5F-4EFB-41CA-B3F6-2EA3CB8BAC2D}.DVD-5|Any CPU.Build.0 = DVD-5
		{74798C5F-4EFB-41CA-B3F6-2EA3CB8BAC2D}.DVD-5|Mixed Platforms.ActiveCfg = DVD-5
		{74798C5F-4EFB-41CA-B3F6-2EA3CB8BAC2D}.DVD-5|Mixed Platforms.Build.0 = DVD-5
		{74798C5F-4EFB-41CA-B3F6-2EA3CB8BAC2D}.DVD-5|x86.ActiveCfg = DVD-5
		{74798C5F-4EFB-41CA-B3F6-2EA3CB8BAC2D}.DVD-5|x86.Build.0 = DVD-5
		{74798C5F-4EFB-41CA-B3F6-2EA3CB8BAC2D}.Release|Any CPU.ActiveCfg = SingleImage
		{74798C5F-4EFB-41CA-B3F6-2EA3CB8BAC2D}.Release|Any CPU.Build.0 = SingleImage
		{74798C5F-4EFB-41CA-B3F6-2EA3CB8BAC2D}.Release|Mixed Platforms.ActiveCfg = SingleImage
		{74798C5F-4EFB-41CA-B3F6-2EA3CB8BAC2D}.Release|Mixed Platforms.Build.0 = SingleImage
		{74798C5F-4EFB-41CA-B3F6-2EA3CB8BAC2D}.Release|x86.ActiveCfg = SingleImage
		{74798C5F-4EFB-41CA-B3F6-2EA3CB8BAC2D}.Release|x86.Build.0 = SingleImage
		{74798C5F-4EFB-41CA-B3F6-2EA3CB8BAC2D}.SingleImage|Any CPU.ActiveCfg = SingleImage
		{74798C5F-4EFB-41CA-B3F6-2EA3CB8BAC2D}.SingleImage|Any CPU.Build.0 = SingleImage
		{74798C5F-4EFB-41CA-B3F6-2EA3CB8BAC2D}.SingleImage|Mixed Platforms.ActiveCfg = SingleImage
		{74798C5F-4EFB-41CA-B3F6-2EA3CB8BAC2D}.SingleImage|Mixed Platforms.Build.0 = SingleImage
		{74798C5F-4EFB-41CA-B3F6-2EA3CB8BAC2D}.SingleImage|x86.ActiveCfg = SingleImage
		{74798C5F-4EFB-41CA-B3F6-2EA3CB8BAC2D}.SingleImage|x86.Build.0 = SingleImage
	EndGlobalSection
	GlobalSection(SolutionProperties) = preSolution
		HideSolutionNode = FALSE
	EndGlobalSection
EndGlobal
